
Microsoft Visual Studio Solution File, Format Version 12.00
# Visual Studio 15
VisualStudioVersion = 15.0.28307.329
MinimumVisualStudioVersion = 10.0.40219.1
Project("{9A19103F-16F7-4668-BE54-9A1E7A4F7556}") = "Nested Loops - Lab", "Nested Loops - Lab\Nested Loops - Lab.csproj", "{04BE8651-1919-4B9E-B8CC-45BA6F311400}"
EndProject
Project("{9A19103F-16F7-4668-BE54-9A1E7A4F7556}") = "01. Clock", "01. Clock\01. Clock.csproj", "{3DD4DFCF-D956-441D-B729-6B035F3F292B}"
EndProject
Project("{9A19103F-16F7-4668-BE54-9A1E7A4F7556}") = "02. Multiplication Table", "02. Multiplication Table\02. Multiplication Table.csproj", "{3B4855E4-BDA1-47DE-8F75-E552AF692437}"
EndProject
Project("{9A19103F-16F7-4668-BE54-9A1E7A4F7556}") = "03. Combinations", "03. Combinations\03. Combinations.csproj", "{1FE8ED43-444B-4A37-A3E8-2FB2AD8A69EF}"
EndProject
Project("{9A19103F-16F7-4668-BE54-9A1E7A4F7556}") = "04. Sum of Two Numbers", "04. Sum of Two Numbers\04. Sum of Two Numbers.csproj", "{16912DFB-F830-4741-8B89-51489EAACEAF}"
EndProject
Project("{FAE04EC0-301F-11D3-BF4B-00C04F79EFBC}") = "05. Travelling", "05. Travelling\05. Travelling.csproj", "{C3A7725E-A203-493D-BE7E-D891699296E1}"
EndProject
Project("{FAE04EC0-301F-11D3-BF4B-00C04F79EFBC}") = "06. Building", "06. Building\06. Building.csproj", "{DCE4CC9A-B362-49EB-9D2E-5F2452A94982}"
EndProject
Project("{FAE04EC0-301F-11D3-BF4B-00C04F79EFBC}") = "07. Cinema Tickets", "07. Cinema Tickets\07. Cinema Tickets.csproj", "{669C5670-3BC5-450F-BAF0-035D3A842BC6}"
EndProject
Global
	GlobalSection(SolutionConfigurationPlatforms) = preSolution
		Debug|Any CPU = Debug|Any CPU
		Release|Any CPU = Release|Any CPU
	EndGlobalSection
	GlobalSection(ProjectConfigurationPlatforms) = postSolution
		{04BE8651-1919-4B9E-B8CC-45BA6F311400}.Debug|Any CPU.ActiveCfg = Debug|Any CPU
		{04BE8651-1919-4B9E-B8CC-45BA6F311400}.Debug|Any CPU.Build.0 = Debug|Any CPU
		{04BE8651-1919-4B9E-B8CC-45BA6F311400}.Release|Any CPU.ActiveCfg = Release|Any CPU
		{04BE8651-1919-4B9E-B8CC-45BA6F311400}.Release|Any CPU.Build.0 = Release|Any CPU
		{3DD4DFCF-D956-441D-B729-6B035F3F292B}.Debug|Any CPU.ActiveCfg = Debug|Any CPU
		{3DD4DFCF-D956-441D-B729-6B035F3F292B}.Debug|Any CPU.Build.0 = Debug|Any CPU
		{3DD4DFCF-D956-441D-B729-6B035F3F292B}.Release|Any CPU.ActiveCfg = Release|Any CPU
		{3DD4DFCF-D956-441D-B729-6B035F3F292B}.Release|Any CPU.Build.0 = Release|Any CPU
		{3B4855E4-BDA1-47DE-8F75-E552AF692437}.Debug|Any CPU.ActiveCfg = Debug|Any CPU
		{3B4855E4-BDA1-47DE-8F75-E552AF692437}.Debug|Any CPU.Build.0 = Debug|Any CPU
		{3B4855E4-BDA1-47DE-8F75-E552AF692437}.Release|Any CPU.ActiveCfg = Release|Any CPU
		{3B4855E4-BDA1-47DE-8F75-E552AF692437}.Release|Any CPU.Build.0 = Release|Any CPU
		{1FE8ED43-444B-4A37-A3E8-2FB2AD8A69EF}.Debug|Any CPU.ActiveCfg = Debug|Any CPU
		{1FE8ED43-444B-4A37-A3E8-2FB2AD8A69EF}.Debug|Any CPU.Build.0 = Debug|Any CPU
		{1FE8ED43-444B-4A37-A3E8-2FB2AD8A69EF}.Release|Any CPU.ActiveCfg = Release|Any CPU
		{1FE8ED43-444B-4A37-A3E8-2FB2AD8A69EF}.Release|Any CPU.Build.0 = Release|Any CPU
		{16912DFB-F830-4741-8B89-51489EAACEAF}.Debug|Any CPU.ActiveCfg = Debug|Any CPU
		{16912DFB-F830-4741-8B89-51489EAACEAF}.Debug|Any CPU.Build.0 = Debug|Any CPU
		{16912DFB-F830-4741-8B89-51489EAACEAF}.Release|Any CPU.ActiveCfg = Release|Any CPU
		{16912DFB-F830-4741-8B89-51489EAACEAF}.Release|Any CPU.Build.0 = Release|Any CPU
		{C3A7725E-A203-493D-BE7E-D891699296E1}.Debug|Any CPU.ActiveCfg = Debug|Any CPU
		{C3A7725E-A203-493D-BE7E-D891699296E1}.Debug|Any CPU.Build.0 = Debug|Any CPU
		{C3A7725E-A203-493D-BE7E-D891699296E1}.Release|Any CPU.ActiveCfg = Release|Any CPU
		{C3A7725E-A203-493D-BE7E-D891699296E1}.Release|Any CPU.Build.0 = Release|Any CPU
		{DCE4CC9A-B362-49EB-9D2E-5F2452A94982}.Debug|Any CPU.ActiveCfg = Debug|Any CPU
		{DCE4CC9A-B362-49EB-9D2E-5F2452A94982}.Debug|Any CPU.Build.0 = Debug|Any CPU
		{DCE4CC9A-B362-49EB-9D2E-5F2452A94982}.Release|Any CPU.ActiveCfg = Release|Any CPU
		{DCE4CC9A-B362-49EB-9D2E-5F2452A94982}.Release|Any CPU.Build.0 = Release|Any CPU
		{669C5670-3BC5-450F-BAF0-035D3A842BC6}.Debug|Any CPU.ActiveCfg = Debug|Any CPU
		{669C5670-3BC5-450F-BAF0-035D3A842BC6}.Debug|Any CPU.Build.0 = Debug|Any CPU
		{669C5670-3BC5-450F-BAF0-035D3A842BC6}.Release|Any CPU.ActiveCfg = Release|Any CPU
		{669C5670-3BC5-450F-BAF0-035D3A842BC6}.Release|Any CPU.Build.0 = Release|Any CPU
	EndGlobalSection
	GlobalSection(SolutionProperties) = preSolution
		HideSolutionNode = FALSE
	EndGlobalSection
	GlobalSection(ExtensibilityGlobals) = postSolution
		SolutionGuid = {E3250DC1-FD9C-401B-8D46-D1CC880CBC22}
	EndGlobalSection
EndGlobal
